<?xml version="1.0" encoding="utf-8"?>
<Project ToolsVersion="4.0" xmlns="http://schemas.microsoft.com/developer/msbuild/2003">
  <ItemGroup>
    <Filter Include="소스 파일">
      <UniqueIdentifier>{4FC737F1-C7A5-4376-A066-2A32D752A2FF}</UniqueIdentifier>
      <Extensions>cpp;c;cc;cxx;c++;cppm;ixx;def;odl;idl;hpj;bat;asm;asmx</Extensions>
    </Filter>
    <Filter Include="리소스 파일">
      <UniqueIdentifier>{67DA6AB6-F800-4c08-8B7A-83BB121AAD01}</UniqueIdentifier>
      <Extensions>rc;ico;cur;bmp;dlg;rc2;rct;bin;rgs;gif;jpg;jpeg;jpe;resx;tiff;tif;png;wav;mfcribbon-ms</Extensions>
    </Filter>
    <Filter Include="Remain">
      <UniqueIdentifier>{b0ae6d66-4cb9-4317-a2cc-48d64cf5e9de}</UniqueIdentifier>
    </Filter>
  </ItemGroup>
  <ItemGroup>
    <ClCompile Include="01Thread_1.cpp">
      <Filter>소스 파일</Filter>
    </ClCompile>
    <ClCompile Include="02Thread_2.cpp">
      <Filter>소스 파일</Filter>
    </ClCompile>
    <ClCompile Include="03Thread_3.cpp">
      <Filter>소스 파일</Filter>
    </ClCompile>
    <ClCompile Include="04DeadLock.cpp">
      <Filter>소스 파일</Filter>
    </ClCompile>
    <ClCompile Include="05Lock_1.cpp">
      <Filter>소스 파일</Filter>
    </ClCompile>
    <ClCompile Include="00Exercise_01.cpp">
      <Filter>소스 파일</Filter>
    </ClCompile>
    <ClCompile Include="06Lock_2.cpp">
      <Filter>소스 파일</Filter>
    </ClCompile>
    <ClCompile Include="07Lock_3.cpp">
      <Filter>소스 파일</Filter>
    </ClCompile>
    <ClCompile Include="08Future.cpp">
      <Filter>소스 파일</Filter>
    </ClCompile>
    <ClCompile Include="09ContextSwitch.cpp">
      <Filter>소스 파일</Filter>
    </ClCompile>
    <ClCompile Include="10TLS.cpp">
      <Filter>소스 파일</Filter>
    </ClCompile>
    <ClCompile Include="11MemoryVisibility.cpp">
      <Filter>소스 파일</Filter>
    </ClCompile>
    <ClCompile Include="12MemoryBarrier.cpp">
      <Filter>소스 파일</Filter>
    </ClCompile>
    <ClCompile Include="13Lock_Based.cpp">
      <Filter>소스 파일</Filter>
    </ClCompile>
    <ClCompile Include="ThreadManager.cpp">
      <Filter>Remain</Filter>
    </ClCompile>
    <ClCompile Include="framework.cpp">
      <Filter>Remain</Filter>
    </ClCompile>
    <ClCompile Include="CoreTLS.cpp">
      <Filter>Remain</Filter>
    </ClCompile>
    <ClCompile Include="14ThreadManager.cpp">
      <Filter>소스 파일</Filter>
    </ClCompile>
  </ItemGroup>
  <ItemGroup>
    <ClInclude Include="00Lock_Based_Queue.h">
      <Filter>Remain</Filter>
    </ClInclude>
    <ClInclude Include="00Lock_Based_Stack.h">
      <Filter>Remain</Filter>
    </ClInclude>
    <ClInclude Include="CoreTLS.h">
      <Filter>Remain</Filter>
    </ClInclude>
    <ClInclude Include="framework.h">
      <Filter>Remain</Filter>
    </ClInclude>
    <ClInclude Include="GMacro.h">
      <Filter>Remain</Filter>
    </ClInclude>
    <ClInclude Include="ThreadManager.h">
      <Filter>Remain</Filter>
    </ClInclude>
    <ClInclude Include="Types.h">
      <Filter>Remain</Filter>
    </ClInclude>
  </ItemGroup>
</Project>